
Microsoft Visual Studio Solution File, Format Version 12.00
# Visual Studio Version 16
VisualStudioVersion = 16.0.29424.173
MinimumVisualStudioVersion = 10.0.40219.1
Project("{FAE04EC0-301F-11D3-BF4B-00C04F79EFBC}") = "RockFoodRescue.Android", "RockFoodRescue\RockFoodRescue.Android\RockFoodRescue.Android.csproj", "{DCF38698-7291-42A2-97B9-037F588B8E2C}"
EndProject
Project("{FAE04EC0-301F-11D3-BF4B-00C04F79EFBC}") = "RockFoodRescue.iOS", "RockFoodRescue\RockFoodRescue.iOS\RockFoodRescue.iOS.csproj", "{1EB21732-5038-4EDE-95D5-01A03CBA0B0F}"
EndProject
Project("{FAE04EC0-301F-11D3-BF4B-00C04F79EFBC}") = "RockFoodRescue", "RockFoodRescue\RockFoodRescue\RockFoodRescue.csproj", "{03494164-8401-4373-B45C-0620FBB21366}"
EndProject
Global
	GlobalSection(SolutionConfigurationPlatforms) = preSolution
		Debug|Any CPU = Debug|Any CPU
		Debug|iPhone = Debug|iPhone
		Debug|iPhoneSimulator = Debug|iPhoneSimulator
		Release|Any CPU = Release|Any CPU
		Release|iPhone = Release|iPhone
		Release|iPhoneSimulator = Release|iPhoneSimulator
	EndGlobalSection
	GlobalSection(ProjectConfigurationPlatforms) = postSolution
		{DCF38698-7291-42A2-97B9-037F588B8E2C}.Debug|Any CPU.ActiveCfg = Debug|Any CPU
		{DCF38698-7291-42A2-97B9-037F588B8E2C}.Debug|Any CPU.Build.0 = Debug|Any CPU
		{DCF38698-7291-42A2-97B9-037F588B8E2C}.Debug|Any CPU.Deploy.0 = Debug|Any CPU
		{DCF38698-7291-42A2-97B9-037F588B8E2C}.Debug|iPhone.ActiveCfg = Debug|Any CPU
		{DCF38698-7291-42A2-97B9-037F588B8E2C}.Debug|iPhone.Build.0 = Debug|Any CPU
		{DCF38698-7291-42A2-97B9-037F588B8E2C}.Debug|iPhone.Deploy.0 = Debug|Any CPU
		{DCF38698-7291-42A2-97B9-037F588B8E2C}.Debug|iPhoneSimulator.ActiveCfg = Debug|Any CPU
		{DCF38698-7291-42A2-97B9-037F588B8E2C}.Debug|iPhoneSimulator.Build.0 = Debug|Any CPU
		{DCF38698-7291-42A2-97B9-037F588B8E2C}.Debug|iPhoneSimulator.Deploy.0 = Debug|Any CPU
		{DCF38698-7291-42A2-97B9-037F588B8E2C}.Release|Any CPU.ActiveCfg = Release|Any CPU
		{DCF38698-7291-42A2-97B9-037F588B8E2C}.Release|Any CPU.Build.0 = Release|Any CPU
		{DCF38698-7291-42A2-97B9-037F588B8E2C}.Release|Any CPU.Deploy.0 = Release|Any CPU
		{DCF38698-7291-42A2-97B9-037F588B8E2C}.Release|iPhone.ActiveCfg = Release|Any CPU
		{DCF38698-7291-42A2-97B9-037F588B8E2C}.Release|iPhone.Build.0 = Release|Any CPU
		{DCF38698-7291-42A2-97B9-037F588B8E2C}.Release|iPhone.Deploy.0 = Release|Any CPU
		{DCF38698-7291-42A2-97B9-037F588B8E2C}.Release|iPhoneSimulator.ActiveCfg = Release|Any CPU
		{DCF38698-7291-42A2-97B9-037F588B8E2C}.Release|iPhoneSimulator.Build.0 = Release|Any CPU
		{DCF38698-7291-42A2-97B9-037F588B8E2C}.Release|iPhoneSimulator.Deploy.0 = Release|Any CPU
		{1EB21732-5038-4EDE-95D5-01A03CBA0B0F}.Debug|Any CPU.ActiveCfg = Debug|iPhoneSimulator
		{1EB21732-5038-4EDE-95D5-01A03CBA0B0F}.Debug|Any CPU.Build.0 = Debug|iPhoneSimulator
		{1EB21732-5038-4EDE-95D5-01A03CBA0B0F}.Debug|Any CPU.Deploy.0 = Debug|iPhoneSimulator
		{1EB21732-5038-4EDE-95D5-01A03CBA0B0F}.Debug|iPhone.ActiveCfg = Debug|iPhone
		{1EB21732-5038-4EDE-95D5-01A03CBA0B0F}.Debug|iPhone.Build.0 = Debug|iPhone
		{1EB21732-5038-4EDE-95D5-01A03CBA0B0F}.Debug|iPhone.Deploy.0 = Debug|iPhone
		{1EB21732-5038-4EDE-95D5-01A03CBA0B0F}.Debug|iPhoneSimulator.ActiveCfg = Debug|iPhoneSimulator
		{1EB21732-5038-4EDE-95D5-01A03CBA0B0F}.Debug|iPhoneSimulator.Build.0 = Debug|iPhoneSimulator
		{1EB21732-5038-4EDE-95D5-01A03CBA0B0F}.Debug|iPhoneSimulator.Deploy.0 = Debug|iPhoneSimulator
		{1EB21732-5038-4EDE-95D5-01A03CBA0B0F}.Release|Any CPU.ActiveCfg = Release|iPhone
		{1EB21732-5038-4EDE-95D5-01A03CBA0B0F}.Release|Any CPU.Build.0 = Release|iPhone
		{1EB21732-5038-4EDE-95D5-01A03CBA0B0F}.Release|Any CPU.Deploy.0 = Release|iPhone
		{1EB21732-5038-4EDE-95D5-01A03CBA0B0F}.Release|iPhone.ActiveCfg = Release|iPhone
		{1EB21732-5038-4EDE-95D5-01A03CBA0B0F}.Release|iPhone.Build.0 = Release|iPhone
		{1EB21732-5038-4EDE-95D5-01A03CBA0B0F}.Release|iPhone.Deploy.0 = Release|iPhone
		{1EB21732-5038-4EDE-95D5-01A03CBA0B0F}.Release|iPhoneSimulator.ActiveCfg = Release|iPhoneSimulator
		{1EB21732-5038-4EDE-95D5-01A03CBA0B0F}.Release|iPhoneSimulator.Build.0 = Release|iPhoneSimulator
		{1EB21732-5038-4EDE-95D5-01A03CBA0B0F}.Release|iPhoneSimulator.Deploy.0 = Release|iPhoneSimulator
		{03494164-8401-4373-B45C-0620FBB21366}.Debug|Any CPU.ActiveCfg = Debug|Any CPU
		{03494164-8401-4373-B45C-0620FBB21366}.Debug|Any CPU.Build.0 = Debug|Any CPU
		{03494164-8401-4373-B45C-0620FBB21366}.Debug|Any CPU.Deploy.0 = Debug|Any CPU
		{03494164-8401-4373-B45C-0620FBB21366}.Debug|iPhone.ActiveCfg = Debug|Any CPU
		{03494164-8401-4373-B45C-0620FBB21366}.Debug|iPhone.Build.0 = Debug|Any CPU
		{03494164-8401-4373-B45C-0620FBB21366}.Debug|iPhone.Deploy.0 = Debug|Any CPU
		{03494164-8401-4373-B45C-0620FBB21366}.Debug|iPhoneSimulator.ActiveCfg = Debug|Any CPU
		{03494164-8401-4373-B45C-0620FBB21366}.Debug|iPhoneSimulator.Build.0 = Debug|Any CPU
		{03494164-8401-4373-B45C-0620FBB21366}.Debug|iPhoneSimulator.Deploy.0 = Debug|Any CPU
		{03494164-8401-4373-B45C-0620FBB21366}.Release|Any CPU.ActiveCfg = Release|Any CPU
		{03494164-8401-4373-B45C-0620FBB21366}.Release|Any CPU.Build.0 = Release|Any CPU
		{03494164-8401-4373-B45C-0620FBB21366}.Release|Any CPU.Deploy.0 = Release|Any CPU
		{03494164-8401-4373-B45C-0620FBB21366}.Release|iPhone.ActiveCfg = Release|Any CPU
		{03494164-8401-4373-B45C-0620FBB21366}.Release|iPhone.Build.0 = Release|Any CPU
		{03494164-8401-4373-B45C-0620FBB21366}.Release|iPhone.Deploy.0 = Release|Any CPU
		{03494164-8401-4373-B45C-0620FBB21366}.Release|iPhoneSimulator.ActiveCfg = Release|Any CPU
		{03494164-8401-4373-B45C-0620FBB21366}.Release|iPhoneSimulator.Build.0 = Release|Any CPU
		{03494164-8401-4373-B45C-0620FBB21366}.Release|iPhoneSimulator.Deploy.0 = Release|Any CPU
	EndGlobalSection
	GlobalSection(SolutionProperties) = preSolution
		HideSolutionNode = FALSE
	EndGlobalSection
	GlobalSection(ExtensibilityGlobals) = postSolution
		SolutionGuid = {264EE0F1-8B26-44F7-97BC-3B094737550C}
	EndGlobalSection
EndGlobal
